symfony be4e5388ef98b0e0ae7bc3b9b3784541b3c83302
twig 0b7d6dfa0cf0dfb6a3c5745b6434ebd6ea32e90e
monolog b704c49a3051536f67f2d39f13568f74615b9922
doctrine-common 06e9f72342a4c49b3590d0e8b53d451b3f9c1b33
doctrine-dbal 5a827d7c18f5e34a87086be88af2f3d706169aa4
doctrine cfe125940092e4c7403201703ae0428b943432f5
swiftmailer daaff2b8515390fbb10882647311f476b89a67e6
assetic f829ad23d23c87480151a21faad49fefe7c09e5d
twig-extensions 560990d47ba3fefea18420f9951b54d490715b19
metadata 8717ad2a5689480765d9ffafe925cd8a2457e582
SensioFrameworkExtraBundle 1c7e92f466d11f83130b0c1271f44d067a2c3b31
JMSSecurityExtraBundle b8b7eb294ed83d83ca7260ac018e701f08003538
SensioDistributionBundle 20b66a408084ad8752f98e50f10533f5245310bf
SensioGeneratorBundle 87fe88c4c8dc09cb197ba4b2d6d5b834e2c64980
AsseticBundle 41b5913b5086a0909af92adcb4a6005ee0051b16
propel 3f89418eabeacc7bcc3be369228dce75f920eece
PropelBundle 29053029fb3509a175d856cbccbb2a060f8a986d
phing 1fd92c78f14a02b3e1cd9c59c7a08b4cab532d33
MenuBundle ca66d876ec60e5e7b714ab03cebcc414b5f3f52f
KnpMenu ed4f73d1b3e8e8f8c0bf83ec22ee829ce2981701